
Microsoft Visual Studio Solution File, Format Version 12.00
# Visual Studio Version 17
VisualStudioVersion = 17.5.002.0
MinimumVisualStudioVersion = 10.0.40219.1
Project("{FAE04EC0-301F-11D3-BF4B-00C04F79EFBC}") = "Salmon", "Salmon\Salmon.csproj", "{9E41712D-A319-423D-8C23-95D04A0E43D0}"
EndProject
Project("{FAE04EC0-301F-11D3-BF4B-00C04F79EFBC}") = "Salmon.Tests", "Salmon.Tests\Salmon.Tests.csproj", "{BFC9CBD5-2FF8-4770-BDC2-63F0EC8359FA}"
EndProject
Global
	GlobalSection(SolutionProperties) = preSolution
		HideSolutionNode = FALSE
	EndGlobalSection
	GlobalSection(ExtensibilityGlobals) = postSolution
		SolutionGuid = {FD71A315-32EC-44E6-AA3B-C97466B8C11E}
	EndGlobalSection
	GlobalSection(SolutionConfigurationPlatforms) = preSolution
		Debug|Any CPU = Debug|Any CPU
		Debug|x64 = Debug|x64
		Debug|x86 = Debug|x86
		Release|Any CPU = Release|Any CPU
		Release|x64 = Release|x64
		Release|x86 = Release|x86
	EndGlobalSection
	GlobalSection(ProjectConfigurationPlatforms) = postSolution
		{9E41712D-A319-423D-8C23-95D04A0E43D0}.Debug|Any CPU.ActiveCfg = Debug|Any CPU
		{9E41712D-A319-423D-8C23-95D04A0E43D0}.Debug|Any CPU.Build.0 = Debug|Any CPU
		{9E41712D-A319-423D-8C23-95D04A0E43D0}.Debug|x64.ActiveCfg = Debug|Any CPU
		{9E41712D-A319-423D-8C23-95D04A0E43D0}.Debug|x64.Build.0 = Debug|Any CPU
		{9E41712D-A319-423D-8C23-95D04A0E43D0}.Debug|x86.ActiveCfg = Debug|Any CPU
		{9E41712D-A319-423D-8C23-95D04A0E43D0}.Debug|x86.Build.0 = Debug|Any CPU
		{9E41712D-A319-423D-8C23-95D04A0E43D0}.Release|Any CPU.ActiveCfg = Release|Any CPU
		{9E41712D-A319-423D-8C23-95D04A0E43D0}.Release|Any CPU.Build.0 = Release|Any CPU
		{9E41712D-A319-423D-8C23-95D04A0E43D0}.Release|x64.ActiveCfg = Release|Any CPU
		{9E41712D-A319-423D-8C23-95D04A0E43D0}.Release|x64.Build.0 = Release|Any CPU
		{9E41712D-A319-423D-8C23-95D04A0E43D0}.Release|x86.ActiveCfg = Release|Any CPU
		{9E41712D-A319-423D-8C23-95D04A0E43D0}.Release|x86.Build.0 = Release|Any CPU
		{BFC9CBD5-2FF8-4770-BDC2-63F0EC8359FA}.Debug|Any CPU.ActiveCfg = Debug|Any CPU
		{BFC9CBD5-2FF8-4770-BDC2-63F0EC8359FA}.Debug|Any CPU.Build.0 = Debug|Any CPU
		{BFC9CBD5-2FF8-4770-BDC2-63F0EC8359FA}.Debug|x64.ActiveCfg = Debug|Any CPU
		{BFC9CBD5-2FF8-4770-BDC2-63F0EC8359FA}.Debug|x64.Build.0 = Debug|Any CPU
		{BFC9CBD5-2FF8-4770-BDC2-63F0EC8359FA}.Debug|x86.ActiveCfg = Debug|Any CPU
		{BFC9CBD5-2FF8-4770-BDC2-63F0EC8359FA}.Debug|x86.Build.0 = Debug|Any CPU
		{BFC9CBD5-2FF8-4770-BDC2-63F0EC8359FA}.Release|Any CPU.ActiveCfg = Release|Any CPU
		{BFC9CBD5-2FF8-4770-BDC2-63F0EC8359FA}.Release|Any CPU.Build.0 = Release|Any CPU
		{BFC9CBD5-2FF8-4770-BDC2-63F0EC8359FA}.Release|x64.ActiveCfg = Release|Any CPU
		{BFC9CBD5-2FF8-4770-BDC2-63F0EC8359FA}.Release|x64.Build.0 = Release|Any CPU
		{BFC9CBD5-2FF8-4770-BDC2-63F0EC8359FA}.Release|x86.ActiveCfg = Release|Any CPU
		{BFC9CBD5-2FF8-4770-BDC2-63F0EC8359FA}.Release|x86.Build.0 = Release|Any CPU
	EndGlobalSection
EndGlobal
