
Microsoft Visual Studio Solution File, Format Version 12.00
# Visual Studio Version 17
VisualStudioVersion = 17.5.002.0
MinimumVisualStudioVersion = 10.0.40219.1
Project("{FAE04EC0-301F-11D3-BF4B-00C04F79EFBC}") = "Salmon", "src\Salmon\Salmon.csproj", "{9E41712D-A319-423D-8C23-95D04A0E43D0}"
EndProject
Project("{FAE04EC0-301F-11D3-BF4B-00C04F79EFBC}") = "Salmon.Engine", "src\Salmon.Engine\Salmon.Engine.csproj", "{2C3B60EE-4937-45B9-A1EB-A50EE2FD69A7}"
EndProject
Project("{FAE04EC0-301F-11D3-BF4B-00C04F79EFBC}") = "Salmon.Extensions", "src\Salmon.Extensions\Salmon.Extensions.csproj", "{90D03DA5-5680-472D-AD73-F590CB32DF42}"
EndProject
Project("{FAE04EC0-301F-11D3-BF4B-00C04F79EFBC}") = "Salmon.Uci", "src\Salmon.Uci\Salmon.Uci.csproj", "{5D342713-10BB-4405-B6B7-2C0626D7F52A}"
EndProject
Project("{2150E333-8FDC-42A3-9474-1A3956D46DE8}") = "tests", "tests", "{89C2C0DC-8253-452F-8A0B-6E77CB98E22F}"
EndProject
Project("{FAE04EC0-301F-11D3-BF4B-00C04F79EFBC}") = "Salmon.Tests.Uci", "tests\Salmon.Tests.Uci\Salmon.Tests.Uci.csproj", "{C478BFD1-5F8C-4DC5-8935-72262CC25EBC}"
EndProject
Project("{FAE04EC0-301F-11D3-BF4B-00C04F79EFBC}") = "Salmon.Tests.Engine", "tests\Salmon.Tests.Engine\Salmon.Tests.Engine.csproj", "{92ECE112-172C-4680-91D8-4E10D5528440}"
EndProject
Global
	GlobalSection(SolutionProperties) = preSolution
		HideSolutionNode = FALSE
	EndGlobalSection
	GlobalSection(ExtensibilityGlobals) = postSolution
		SolutionGuid = {FD71A315-32EC-44E6-AA3B-C97466B8C11E}
	EndGlobalSection
	GlobalSection(SolutionConfigurationPlatforms) = preSolution
		Debug|Any CPU = Debug|Any CPU
		Debug|x64 = Debug|x64
		Debug|x86 = Debug|x86
		Release|Any CPU = Release|Any CPU
		Release|x64 = Release|x64
		Release|x86 = Release|x86
	EndGlobalSection
	GlobalSection(ProjectConfigurationPlatforms) = postSolution
		{9E41712D-A319-423D-8C23-95D04A0E43D0}.Debug|Any CPU.ActiveCfg = Debug|Any CPU
		{9E41712D-A319-423D-8C23-95D04A0E43D0}.Debug|Any CPU.Build.0 = Debug|Any CPU
		{9E41712D-A319-423D-8C23-95D04A0E43D0}.Debug|x64.ActiveCfg = Debug|Any CPU
		{9E41712D-A319-423D-8C23-95D04A0E43D0}.Debug|x64.Build.0 = Debug|Any CPU
		{9E41712D-A319-423D-8C23-95D04A0E43D0}.Debug|x86.ActiveCfg = Debug|Any CPU
		{9E41712D-A319-423D-8C23-95D04A0E43D0}.Debug|x86.Build.0 = Debug|Any CPU
		{9E41712D-A319-423D-8C23-95D04A0E43D0}.Release|Any CPU.ActiveCfg = Release|Any CPU
		{9E41712D-A319-423D-8C23-95D04A0E43D0}.Release|Any CPU.Build.0 = Release|Any CPU
		{9E41712D-A319-423D-8C23-95D04A0E43D0}.Release|x64.ActiveCfg = Release|Any CPU
		{9E41712D-A319-423D-8C23-95D04A0E43D0}.Release|x64.Build.0 = Release|Any CPU
		{9E41712D-A319-423D-8C23-95D04A0E43D0}.Release|x86.ActiveCfg = Release|Any CPU
		{9E41712D-A319-423D-8C23-95D04A0E43D0}.Release|x86.Build.0 = Release|Any CPU
		{2C3B60EE-4937-45B9-A1EB-A50EE2FD69A7}.Debug|Any CPU.ActiveCfg = Debug|Any CPU
		{2C3B60EE-4937-45B9-A1EB-A50EE2FD69A7}.Debug|Any CPU.Build.0 = Debug|Any CPU
		{2C3B60EE-4937-45B9-A1EB-A50EE2FD69A7}.Debug|x64.ActiveCfg = Debug|Any CPU
		{2C3B60EE-4937-45B9-A1EB-A50EE2FD69A7}.Debug|x64.Build.0 = Debug|Any CPU
		{2C3B60EE-4937-45B9-A1EB-A50EE2FD69A7}.Debug|x86.ActiveCfg = Debug|Any CPU
		{2C3B60EE-4937-45B9-A1EB-A50EE2FD69A7}.Debug|x86.Build.0 = Debug|Any CPU
		{2C3B60EE-4937-45B9-A1EB-A50EE2FD69A7}.Release|Any CPU.ActiveCfg = Release|Any CPU
		{2C3B60EE-4937-45B9-A1EB-A50EE2FD69A7}.Release|Any CPU.Build.0 = Release|Any CPU
		{2C3B60EE-4937-45B9-A1EB-A50EE2FD69A7}.Release|x64.ActiveCfg = Release|Any CPU
		{2C3B60EE-4937-45B9-A1EB-A50EE2FD69A7}.Release|x64.Build.0 = Release|Any CPU
		{2C3B60EE-4937-45B9-A1EB-A50EE2FD69A7}.Release|x86.ActiveCfg = Release|Any CPU
		{2C3B60EE-4937-45B9-A1EB-A50EE2FD69A7}.Release|x86.Build.0 = Release|Any CPU
		{90D03DA5-5680-472D-AD73-F590CB32DF42}.Debug|Any CPU.ActiveCfg = Debug|Any CPU
		{90D03DA5-5680-472D-AD73-F590CB32DF42}.Debug|Any CPU.Build.0 = Debug|Any CPU
		{90D03DA5-5680-472D-AD73-F590CB32DF42}.Debug|x64.ActiveCfg = Debug|Any CPU
		{90D03DA5-5680-472D-AD73-F590CB32DF42}.Debug|x64.Build.0 = Debug|Any CPU
		{90D03DA5-5680-472D-AD73-F590CB32DF42}.Debug|x86.ActiveCfg = Debug|Any CPU
		{90D03DA5-5680-472D-AD73-F590CB32DF42}.Debug|x86.Build.0 = Debug|Any CPU
		{90D03DA5-5680-472D-AD73-F590CB32DF42}.Release|Any CPU.ActiveCfg = Release|Any CPU
		{90D03DA5-5680-472D-AD73-F590CB32DF42}.Release|Any CPU.Build.0 = Release|Any CPU
		{90D03DA5-5680-472D-AD73-F590CB32DF42}.Release|x64.ActiveCfg = Release|Any CPU
		{90D03DA5-5680-472D-AD73-F590CB32DF42}.Release|x64.Build.0 = Release|Any CPU
		{90D03DA5-5680-472D-AD73-F590CB32DF42}.Release|x86.ActiveCfg = Release|Any CPU
		{90D03DA5-5680-472D-AD73-F590CB32DF42}.Release|x86.Build.0 = Release|Any CPU
		{5D342713-10BB-4405-B6B7-2C0626D7F52A}.Debug|Any CPU.ActiveCfg = Debug|Any CPU
		{5D342713-10BB-4405-B6B7-2C0626D7F52A}.Debug|Any CPU.Build.0 = Debug|Any CPU
		{5D342713-10BB-4405-B6B7-2C0626D7F52A}.Debug|x64.ActiveCfg = Debug|Any CPU
		{5D342713-10BB-4405-B6B7-2C0626D7F52A}.Debug|x64.Build.0 = Debug|Any CPU
		{5D342713-10BB-4405-B6B7-2C0626D7F52A}.Debug|x86.ActiveCfg = Debug|Any CPU
		{5D342713-10BB-4405-B6B7-2C0626D7F52A}.Debug|x86.Build.0 = Debug|Any CPU
		{5D342713-10BB-4405-B6B7-2C0626D7F52A}.Release|Any CPU.ActiveCfg = Release|Any CPU
		{5D342713-10BB-4405-B6B7-2C0626D7F52A}.Release|Any CPU.Build.0 = Release|Any CPU
		{5D342713-10BB-4405-B6B7-2C0626D7F52A}.Release|x64.ActiveCfg = Release|Any CPU
		{5D342713-10BB-4405-B6B7-2C0626D7F52A}.Release|x64.Build.0 = Release|Any CPU
		{5D342713-10BB-4405-B6B7-2C0626D7F52A}.Release|x86.ActiveCfg = Release|Any CPU
		{5D342713-10BB-4405-B6B7-2C0626D7F52A}.Release|x86.Build.0 = Release|Any CPU
		{C478BFD1-5F8C-4DC5-8935-72262CC25EBC}.Debug|Any CPU.ActiveCfg = Debug|Any CPU
		{C478BFD1-5F8C-4DC5-8935-72262CC25EBC}.Debug|Any CPU.Build.0 = Debug|Any CPU
		{C478BFD1-5F8C-4DC5-8935-72262CC25EBC}.Debug|x64.ActiveCfg = Debug|Any CPU
		{C478BFD1-5F8C-4DC5-8935-72262CC25EBC}.Debug|x64.Build.0 = Debug|Any CPU
		{C478BFD1-5F8C-4DC5-8935-72262CC25EBC}.Debug|x86.ActiveCfg = Debug|Any CPU
		{C478BFD1-5F8C-4DC5-8935-72262CC25EBC}.Debug|x86.Build.0 = Debug|Any CPU
		{C478BFD1-5F8C-4DC5-8935-72262CC25EBC}.Release|Any CPU.ActiveCfg = Release|Any CPU
		{C478BFD1-5F8C-4DC5-8935-72262CC25EBC}.Release|Any CPU.Build.0 = Release|Any CPU
		{C478BFD1-5F8C-4DC5-8935-72262CC25EBC}.Release|x64.ActiveCfg = Release|Any CPU
		{C478BFD1-5F8C-4DC5-8935-72262CC25EBC}.Release|x64.Build.0 = Release|Any CPU
		{C478BFD1-5F8C-4DC5-8935-72262CC25EBC}.Release|x86.ActiveCfg = Release|Any CPU
		{C478BFD1-5F8C-4DC5-8935-72262CC25EBC}.Release|x86.Build.0 = Release|Any CPU
		{92ECE112-172C-4680-91D8-4E10D5528440}.Debug|Any CPU.ActiveCfg = Debug|Any CPU
		{92ECE112-172C-4680-91D8-4E10D5528440}.Debug|Any CPU.Build.0 = Debug|Any CPU
		{92ECE112-172C-4680-91D8-4E10D5528440}.Debug|x64.ActiveCfg = Debug|Any CPU
		{92ECE112-172C-4680-91D8-4E10D5528440}.Debug|x64.Build.0 = Debug|Any CPU
		{92ECE112-172C-4680-91D8-4E10D5528440}.Debug|x86.ActiveCfg = Debug|Any CPU
		{92ECE112-172C-4680-91D8-4E10D5528440}.Debug|x86.Build.0 = Debug|Any CPU
		{92ECE112-172C-4680-91D8-4E10D5528440}.Release|Any CPU.ActiveCfg = Release|Any CPU
		{92ECE112-172C-4680-91D8-4E10D5528440}.Release|Any CPU.Build.0 = Release|Any CPU
		{92ECE112-172C-4680-91D8-4E10D5528440}.Release|x64.ActiveCfg = Release|Any CPU
		{92ECE112-172C-4680-91D8-4E10D5528440}.Release|x64.Build.0 = Release|Any CPU
		{92ECE112-172C-4680-91D8-4E10D5528440}.Release|x86.ActiveCfg = Release|Any CPU
		{92ECE112-172C-4680-91D8-4E10D5528440}.Release|x86.Build.0 = Release|Any CPU
	EndGlobalSection
	GlobalSection(NestedProjects) = preSolution
		{C478BFD1-5F8C-4DC5-8935-72262CC25EBC} = {89C2C0DC-8253-452F-8A0B-6E77CB98E22F}
		{92ECE112-172C-4680-91D8-4E10D5528440} = {89C2C0DC-8253-452F-8A0B-6E77CB98E22F}
	EndGlobalSection
EndGlobal
